
Microsoft Visual Studio Solution File, Format Version 12.00
# Visual Studio Version 16
VisualStudioVersion = 16.0.32126.315
MinimumVisualStudioVersion = 10.0.40219.1
Project("{FAE04EC0-301F-11D3-BF4B-00C04F79EFBC}") = "MyLibrary", "MyLibrary\MyLibrary.csproj", "{FB9093A2-DBEF-429D-925D-11268763F392}"
EndProject
Project("{FAE04EC0-301F-11D3-BF4B-00C04F79EFBC}") = "MyLibrary_Tests", "MyLibrary_Tests\MyLibrary_Tests.csproj", "{5042E0B8-8BD5-4B20-98AF-8909AB7064DA}"
EndProject
Global
	GlobalSection(SolutionConfigurationPlatforms) = preSolution
		Debug|Any CPU = Debug|Any CPU
		Release|Any CPU = Release|Any CPU
	EndGlobalSection
	GlobalSection(ProjectConfigurationPlatforms) = postSolution
		{FB9093A2-DBEF-429D-925D-11268763F392}.Debug|Any CPU.ActiveCfg = Debug|Any CPU
		{FB9093A2-DBEF-429D-925D-11268763F392}.Debug|Any CPU.Build.0 = Debug|Any CPU
		{FB9093A2-DBEF-429D-925D-11268763F392}.Release|Any CPU.ActiveCfg = Release|Any CPU
		{FB9093A2-DBEF-429D-925D-11268763F392}.Release|Any CPU.Build.0 = Release|Any CPU
		{5042E0B8-8BD5-4B20-98AF-8909AB7064DA}.Debug|Any CPU.ActiveCfg = Debug|Any CPU
		{5042E0B8-8BD5-4B20-98AF-8909AB7064DA}.Debug|Any CPU.Build.0 = Debug|Any CPU
		{5042E0B8-8BD5-4B20-98AF-8909AB7064DA}.Release|Any CPU.ActiveCfg = Release|Any CPU
		{5042E0B8-8BD5-4B20-98AF-8909AB7064DA}.Release|Any CPU.Build.0 = Release|Any CPU
	EndGlobalSection
	GlobalSection(SolutionProperties) = preSolution
		HideSolutionNode = FALSE
	EndGlobalSection
	GlobalSection(ExtensibilityGlobals) = postSolution
		SolutionGuid = {29C9D6D9-30BD-49D4-94E1-F37EF8AC6D36}
	EndGlobalSection
EndGlobal
